
Microsoft Visual Studio Solution File, Format Version 12.00
# Visual Studio Version 16
VisualStudioVersion = 16.0.29424.173
MinimumVisualStudioVersion = 10.0.40219.1
Project("{9A19103F-16F7-4668-BE54-9A1E7A4F7556}") = "Y86SEQEmulator", "Y86SEQEmulator\Y86SEQEmulator.csproj", "{1D302AE9-F8D5-48DE-BC24-C3BCFB132066}"
	ProjectSection(ProjectDependencies) = postProject
		{9AD85799-CD79-48E6-86F4-B6E5F068C9C4} = {9AD85799-CD79-48E6-86F4-B6E5F068C9C4}
	EndProjectSection
EndProject
Project("{9A19103F-16F7-4668-BE54-9A1E7A4F7556}") = "YAS", "YAS\YAS.csproj", "{5E2F47CA-A756-4DA5-8C38-2E8F89B6976A}"
	ProjectSection(ProjectDependencies) = postProject
		{9AD85799-CD79-48E6-86F4-B6E5F068C9C4} = {9AD85799-CD79-48E6-86F4-B6E5F068C9C4}
	EndProjectSection
EndProject
Project("{9A19103F-16F7-4668-BE54-9A1E7A4F7556}") = "YLib", "YLib\YLib.csproj", "{9AD85799-CD79-48E6-86F4-B6E5F068C9C4}"
EndProject
Project("{9A19103F-16F7-4668-BE54-9A1E7A4F7556}") = "SEQRenderer", "SEQRenderer\SEQRenderer.csproj", "{B5411AF6-9F36-4E09-AEFD-9B3CC0411CAA}"
EndProject
Project("{FAE04EC0-301F-11D3-BF4B-00C04F79EFBC}") = "IntegrationTests", "IntegrationTests\IntegrationTests.csproj", "{35EFE749-7663-4468-876F-3C0F814B8A89}"
	ProjectSection(ProjectDependencies) = postProject
		{9AD85799-CD79-48E6-86F4-B6E5F068C9C4} = {9AD85799-CD79-48E6-86F4-B6E5F068C9C4}
		{5E2F47CA-A756-4DA5-8C38-2E8F89B6976A} = {5E2F47CA-A756-4DA5-8C38-2E8F89B6976A}
	EndProjectSection
EndProject
Global
	GlobalSection(SolutionConfigurationPlatforms) = preSolution
		Debug|Any CPU = Debug|Any CPU
		Release|Any CPU = Release|Any CPU
	EndGlobalSection
	GlobalSection(ProjectConfigurationPlatforms) = postSolution
		{1D302AE9-F8D5-48DE-BC24-C3BCFB132066}.Debug|Any CPU.ActiveCfg = Debug|Any CPU
		{1D302AE9-F8D5-48DE-BC24-C3BCFB132066}.Debug|Any CPU.Build.0 = Debug|Any CPU
		{1D302AE9-F8D5-48DE-BC24-C3BCFB132066}.Release|Any CPU.ActiveCfg = Release|Any CPU
		{1D302AE9-F8D5-48DE-BC24-C3BCFB132066}.Release|Any CPU.Build.0 = Release|Any CPU
		{5E2F47CA-A756-4DA5-8C38-2E8F89B6976A}.Debug|Any CPU.ActiveCfg = Debug|Any CPU
		{5E2F47CA-A756-4DA5-8C38-2E8F89B6976A}.Debug|Any CPU.Build.0 = Debug|Any CPU
		{5E2F47CA-A756-4DA5-8C38-2E8F89B6976A}.Release|Any CPU.ActiveCfg = Release|Any CPU
		{5E2F47CA-A756-4DA5-8C38-2E8F89B6976A}.Release|Any CPU.Build.0 = Release|Any CPU
		{9AD85799-CD79-48E6-86F4-B6E5F068C9C4}.Debug|Any CPU.ActiveCfg = Debug|Any CPU
		{9AD85799-CD79-48E6-86F4-B6E5F068C9C4}.Debug|Any CPU.Build.0 = Debug|Any CPU
		{9AD85799-CD79-48E6-86F4-B6E5F068C9C4}.Release|Any CPU.ActiveCfg = Release|Any CPU
		{9AD85799-CD79-48E6-86F4-B6E5F068C9C4}.Release|Any CPU.Build.0 = Release|Any CPU
		{B5411AF6-9F36-4E09-AEFD-9B3CC0411CAA}.Debug|Any CPU.ActiveCfg = Debug|Any CPU
		{B5411AF6-9F36-4E09-AEFD-9B3CC0411CAA}.Debug|Any CPU.Build.0 = Debug|Any CPU
		{B5411AF6-9F36-4E09-AEFD-9B3CC0411CAA}.Release|Any CPU.ActiveCfg = Release|Any CPU
		{B5411AF6-9F36-4E09-AEFD-9B3CC0411CAA}.Release|Any CPU.Build.0 = Release|Any CPU
		{35EFE749-7663-4468-876F-3C0F814B8A89}.Debug|Any CPU.ActiveCfg = Debug|Any CPU
		{35EFE749-7663-4468-876F-3C0F814B8A89}.Debug|Any CPU.Build.0 = Debug|Any CPU
		{35EFE749-7663-4468-876F-3C0F814B8A89}.Release|Any CPU.ActiveCfg = Release|Any CPU
		{35EFE749-7663-4468-876F-3C0F814B8A89}.Release|Any CPU.Build.0 = Release|Any CPU
	EndGlobalSection
	GlobalSection(SolutionProperties) = preSolution
		HideSolutionNode = FALSE
	EndGlobalSection
	GlobalSection(ExtensibilityGlobals) = postSolution
		SolutionGuid = {D115BAC1-F51E-4E55-8FC2-A9151CC6BB17}
	EndGlobalSection
EndGlobal
